// !$*UTF8*$!
{
	archiveVersion = 1;
	classes = {
	};
	objectVersion = 46;
	objects = {

/* Begin PBXBuildFile section */
		D704E90B1DAC1AC200215424 /* AppDelegate.swift in Sources */ = {isa = PBXBuildFile; fileRef = D704E90A1DAC1AC200215424 /* AppDelegate.swift */; };
		D704E90D1DAC1AC200215424 /* ViewController.swift in Sources */ = {isa = PBXBuildFile; fileRef = D704E90C1DAC1AC200215424 /* ViewController.swift */; };
		D704E9101DAC1AC200215424 /* Main.storyboard in Resources */ = {isa = PBXBuildFile; fileRef = D704E90E1DAC1AC200215424 /* Main.storyboard */; };
		D704E9121DAC1AC200215424 /* Assets.xcassets in Resources */ = {isa = PBXBuildFile; fileRef = D704E9111DAC1AC200215424 /* Assets.xcassets */; };
		D704E9151DAC1AC200215424 /* LaunchScreen.storyboard in Resources */ = {isa = PBXBuildFile; fileRef = D704E9131DAC1AC200215424 /* LaunchScreen.storyboard */; };
		D704E9201DAC1AC200215424 /* _0_10_Homework___Mailbox_v_1Tests.swift in Sources */ = {isa = PBXBuildFile; fileRef = D704E91F1DAC1AC200215424 /* _0_10_Homework___Mailbox_v_1Tests.swift */; };
		D704E92B1DAC1AC200215424 /* _0_10_Homework___Mailbox_v_1UITests.swift in Sources */ = {isa = PBXBuildFile; fileRef = D704E92A1DAC1AC200215424 /* _0_10_Homework___Mailbox_v_1UITests.swift */; };
/* End PBXBuildFile section */

/* Begin PBXContainerItemProxy section */
		D704E91C1DAC1AC200215424 /* PBXContainerItemProxy */ = {
			isa = PBXContainerItemProxy;
			containerPortal = D704E8FF1DAC1AC100215424 /* Project object */;
			proxyType = 1;
			remoteGlobalIDString = D704E9061DAC1AC200215424;
			remoteInfo = "10.10 Homework - Mailbox v.1";
		};
		D704E9271DAC1AC200215424 /* PBXContainerItemProxy */ = {
			isa = PBXContainerItemProxy;
			containerPortal = D704E8FF1DAC1AC100215424 /* Project object */;
			proxyType = 1;
			remoteGlobalIDString = D704E9061DAC1AC200215424;
			remoteInfo = "10.10 Homework - Mailbox v.1";
		};
/* End PBXContainerItemProxy section */

/* Begin PBXFileReference section */
		D704E9071DAC1AC200215424 /* 10.10 Homework - Mailbox v.1.app */ = {isa = PBXFileReference; explicitFileType = wrapper.application; includeInIndex = 0; path = "10.10 Homework - Mailbox v.1.app"; sourceTree = BUILT_PRODUCTS_DIR; };
		D704E90A1DAC1AC200215424 /* AppDelegate.swift */ = {isa = PBXFileReference; lastKnownFileType = sourcecode.swift; path = AppDelegate.swift; sourceTree = "<group>"; };
		D704E90C1DAC1AC200215424 /* ViewController.swift */ = {isa = PBXFileReference; lastKnownFileType = sourcecode.swift; path = ViewController.swift; sourceTree = "<group>"; };
		D704E90F1DAC1AC200215424 /* Base */ = {isa = PBXFileReference; lastKnownFileType = file.storyboard; name = Base; path = Base.lproj/Main.storyboard; sourceTree = "<group>"; };
		D704E9111DAC1AC200215424 /* Assets.xcassets */ = {isa = PBXFileReference; lastKnownFileType = folder.assetcatalog; path = Assets.xcassets; sourceTree = "<group>"; };
		D704E9141DAC1AC200215424 /* Base */ = {isa = PBXFileReference; lastKnownFileType = file.storyboard; name = Base; path = Base.lproj/LaunchScreen.storyboard; sourceTree = "<group>"; };
		D704E9161DAC1AC200215424 /* Info.plist */ = {isa = PBXFileReference; lastKnownFileType = text.plist.xml; path = Info.plist; sourceTree = "<group>"; };
		D704E91B1DAC1AC200215424 /* 10.10 Homework - Mailbox v.1Tests.xctest */ = {isa = PBXFileReference; explicitFileType = wrapper.cfbundle; includeInIndex = 0; path = "10.10 Homework - Mailbox v.1Tests.xctest"; sourceTree = BUILT_PRODUCTS_DIR; };
		D704E91F1DAC1AC200215424 /* _0_10_Homework___Mailbox_v_1Tests.swift */ = {isa = PBXFileReference; lastKnownFileType = sourcecode.swift; path = "_0_10_Homework___Mailbox_v_1Tests.swift"; sourceTree = "<group>"; };
		D704E9211DAC1AC200215424 /* Info.plist */ = {isa = PBXFileReference; lastKnownFileType = text.plist.xml; path = Info.plist; sourceTree = "<group>"; };
		D704E9261DAC1AC200215424 /* 10.10 Homework - Mailbox v.1UITests.xctest */ = {isa = PBXFileReference; explicitFileType = wrapper.cfbundle; includeInIndex = 0; path = "10.10 Homework - Mailbox v.1UITests.xctest"; sourceTree = BUILT_PRODUCTS_DIR; };
		D704E92A1DAC1AC200215424 /* _0_10_Homework___Mailbox_v_1UITests.swift */ = {isa = PBXFileReference; lastKnownFileType = sourcecode.swift; path = "_0_10_Homework___Mailbox_v_1UITests.swift"; sourceTree = "<group>"; };
		D704E92C1DAC1AC200215424 /* Info.plist */ = {isa = PBXFileReference; lastKnownFileType = text.plist.xml; path = Info.plist; sourceTree = "<group>"; };
/* End PBXFileReference section */

/* Begin PBXFrameworksBuildPhase section */
		D704E9041DAC1AC200215424 /* Frameworks */ = {
			isa = PBXFrameworksBuildPhase;
			buildActionMask = 2147483647;
			files = (
			);
			runOnlyForDeploymentPostprocessing = 0;
		};
		D704E9181DAC1AC200215424 /* Frameworks */ = {
			isa = PBXFrameworksBuildPhase;
			buildActionMask = 2147483647;
			files = (
			);
			runOnlyForDeploymentPostprocessing = 0;
		};
		D704E9231DAC1AC200215424 /* Frameworks */ = {
			isa = PBXFrameworksBuildPhase;
			buildActionMask = 2147483647;
			files = (
			);
			runOnlyForDeploymentPostprocessing = 0;
		};
/* End PBXFrameworksBuildPhase section */

/* Begin PBXGroup section */
		D704E8FE1DAC1AC100215424 = {
			isa = PBXGroup;
			children = (
				D704E9091DAC1AC200215424 /* 10.10 Homework - Mailbox v.1 */,
				D704E91E1DAC1AC200215424 /* 10.10 Homework - Mailbox v.1Tests */,
				D704E9291DAC1AC200215424 /* 10.10 Homework - Mailbox v.1UITests */,
				D704E9081DAC1AC200215424 /* Products */,
			);
			sourceTree = "<group>";
		};
		D704E9081DAC1AC200215424 /* Products */ = {
			isa = PBXGroup;
			children = (
				D704E9071DAC1AC200215424 /* 10.10 Homework - Mailbox v.1.app */,
				D704E91B1DAC1AC200215424 /* 10.10 Homework - Mailbox v.1Tests.xctest */,
				D704E9261DAC1AC200215424 /* 10.10 Homework - Mailbox v.1UITests.xctest */,
			);
			name = Products;
			sourceTree = "<group>";
		};
		D704E9091DAC1AC200215424 /* 10.10 Homework - Mailbox v.1 */ = {
			isa = PBXGroup;
			children = (
				D704E90A1DAC1AC200215424 /* AppDelegate.swift */,
				D704E90C1DAC1AC200215424 /* ViewController.swift */,
				D704E90E1DAC1AC200215424 /* Main.storyboard */,
				D704E9111DAC1AC200215424 /* Assets.xcassets */,
				D704E9131DAC1AC200215424 /* LaunchScreen.storyboard */,
				D704E9161DAC1AC200215424 /* Info.plist */,
			);
			path = "10.10 Homework - Mailbox v.1";
			sourceTree = "<group>";
		};
		D704E91E1DAC1AC200215424 /* 10.10 Homework - Mailbox v.1Tests */ = {
			isa = PBXGroup;
			children = (
				D704E91F1DAC1AC200215424 /* _0_10_Homework___Mailbox_v_1Tests.swift */,
				D704E9211DAC1AC200215424 /* Info.plist */,
			);
			path = "10.10 Homework - Mailbox v.1Tests";
			sourceTree = "<group>";
		};
		D704E9291DAC1AC200215424 /* 10.10 Homework - Mailbox v.1UITests */ = {
			isa = PBXGroup;
			children = (
				D704E92A1DAC1AC200215424 /* _0_10_Homework___Mailbox_v_1UITests.swift */,
				D704E92C1DAC1AC200215424 /* Info.plist */,
			);
			path = "10.10 Homework - Mailbox v.1UITests";
			sourceTree = "<group>";
		};
/* End PBXGroup section */

/* Begin PBXNativeTarget section */
		D704E9061DAC1AC200215424 /* 10.10 Homework - Mailbox v.1 */ = {
			isa = PBXNativeTarget;
			buildConfigurationList = D704E92F1DAC1AC200215424 /* Build configuration list for PBXNativeTarget "10.10 Homework - Mailbox v.1" */;
			buildPhases = (
				D704E9031DAC1AC200215424 /* Sources */,
				D704E9041DAC1AC200215424 /* Frameworks */,
				D704E9051DAC1AC200215424 /* Resources */,
			);
			buildRules = (
			);
			dependencies = (
			);
			name = "10.10 Homework - Mailbox v.1";
			productName = "10.10 Homework - Mailbox v.1";
			productReference = D704E9071DAC1AC200215424 /* 10.10 Homework - Mailbox v.1.app */;
			productType = "com.apple.product-type.application";
		};
		D704E91A1DAC1AC200215424 /* 10.10 Homework - Mailbox v.1Tests */ = {
			isa = PBXNativeTarget;
			buildConfigurationList = D704E9321DAC1AC200215424 /* Build configuration list for PBXNativeTarget "10.10 Homework - Mailbox v.1Tests" */;
			buildPhases = (
				D704E9171DAC1AC200215424 /* Sources */,
				D704E9181DAC1AC200215424 /* Frameworks */,
				D704E9191DAC1AC200215424 /* Resources */,
			);
			buildRules = (
			);
			dependencies = (
				D704E91D1DAC1AC200215424 /* PBXTargetDependency */,
			);
			name = "10.10 Homework - Mailbox v.1Tests";
			productName = "10.10 Homework - Mailbox v.1Tests";
			productReference = D704E91B1DAC1AC200215424 /* 10.10 Homework - Mailbox v.1Tests.xctest */;
			productType = "com.apple.product-type.bundle.unit-test";
		};
		D704E9251DAC1AC200215424 /* 10.10 Homework - Mailbox v.1UITests */ = {
			isa = PBXNativeTarget;
			buildConfigurationList = D704E9351DAC1AC200215424 /* Build configuration list for PBXNativeTarget "10.10 Homework - Mailbox v.1UITests" */;
			buildPhases = (
				D704E9221DAC1AC200215424 /* Sources */,
				D704E9231DAC1AC200215424 /* Frameworks */,
				D704E9241DAC1AC200215424 /* Resources */,
			);
			buildRules = (
			);
			dependencies = (
				D704E9281DAC1AC200215424 /* PBXTargetDependency */,
			);
			name = "10.10 Homework - Mailbox v.1UITests";
			productName = "10.10 Homework - Mailbox v.1UITests";
			productReference = D704E9261DAC1AC200215424 /* 10.10 Homework - Mailbox v.1UITests.xctest */;
			productType = "com.apple.product-type.bundle.ui-testing";
		};
/* End PBXNativeTarget section */

/* Begin PBXProject section */
		D704E8FF1DAC1AC100215424 /* Project object */ = {
			isa = PBXProject;
			attributes = {
				LastSwiftUpdateCheck = 0800;
				LastUpgradeCheck = 0800;
				ORGANIZATIONNAME = "Becker, Kathrine V";
				TargetAttributes = {
					D704E9061DAC1AC200215424 = {
						CreatedOnToolsVersion = 8.0;
						ProvisioningStyle = Automatic;
					};
					D704E91A1DAC1AC200215424 = {
						CreatedOnToolsVersion = 8.0;
						ProvisioningStyle = Automatic;
						TestTargetID = D704E9061DAC1AC200215424;
					};
					D704E9251DAC1AC200215424 = {
						CreatedOnToolsVersion = 8.0;
						ProvisioningStyle = Automatic;
						TestTargetID = D704E9061DAC1AC200215424;
					};
				};
			};
			buildConfigurationList = D704E9021DAC1AC100215424 /* Build configuration list for PBXProject "10.10 Homework - Mailbox v.1" */;
			compatibilityVersion = "Xcode 3.2";
			developmentRegion = English;
			hasScannedForEncodings = 0;
			knownRegions = (
				en,
				Base,
			);
			mainGroup = D704E8FE1DAC1AC100215424;
			productRefGroup = D704E9081DAC1AC200215424 /* Products */;
			projectDirPath = "";
			projectRoot = "";
			targets = (
				D704E9061DAC1AC200215424 /* 10.10 Homework - Mailbox v.1 */,
				D704E91A1DAC1AC200215424 /* 10.10 Homework - Mailbox v.1Tests */,
				D704E9251DAC1AC200215424 /* 10.10 Homework - Mailbox v.1UITests */,
			);
		};
/* End PBXProject section */

/* Begin PBXResourcesBuildPhase section */
		D704E9051DAC1AC200215424 /* Resources */ = {
			isa = PBXResourcesBuildPhase;
			buildActionMask = 2147483647;
			files = (
				D704E9151DAC1AC200215424 /* LaunchScreen.storyboard in Resources */,
				D704E9121DAC1AC200215424 /* Assets.xcassets in Resources */,
				D704E9101DAC1AC200215424 /* Main.storyboard in Resources */,
			);
			runOnlyForDeploymentPostprocessing = 0;
		};
		D704E9191DAC1AC200215424 /* Resources */ = {
			isa = PBXResourcesBuildPhase;
			buildActionMask = 2147483647;
			files = (
			);
			runOnlyForDeploymentPostprocessing = 0;
		};
		D704E9241DAC1AC200215424 /* Resources */ = {
			isa = PBXResourcesBuildPhase;
			buildActionMask = 2147483647;
			files = (
			);
			runOnlyForDeploymentPostprocessing = 0;
		};
/* End PBXResourcesBuildPhase section */

/* Begin PBXSourcesBuildPhase section */
		D704E9031DAC1AC200215424 /* Sources */ = {
			isa = PBXSourcesBuildPhase;
			buildActionMask = 2147483647;
			files = (
				D704E90D1DAC1AC200215424 /* ViewController.swift in Sources */,
				D704E90B1DAC1AC200215424 /* AppDelegate.swift in Sources */,
			);
			runOnlyForDeploymentPostprocessing = 0;
		};
		D704E9171DAC1AC200215424 /* Sources */ = {
			isa = PBXSourcesBuildPhase;
			buildActionMask = 2147483647;
			files = (
				D704E9201DAC1AC200215424 /* _0_10_Homework___Mailbox_v_1Tests.swift in Sources */,
			);
			runOnlyForDeploymentPostprocessing = 0;
		};
		D704E9221DAC1AC200215424 /* Sources */ = {
			isa = PBXSourcesBuildPhase;
			buildActionMask = 2147483647;
			files = (
				D704E92B1DAC1AC200215424 /* _0_10_Homework___Mailbox_v_1UITests.swift in Sources */,
			);
			runOnlyForDeploymentPostprocessing = 0;
		};
/* End PBXSourcesBuildPhase section */

/* Begin PBXTargetDependency section */
		D704E91D1DAC1AC200215424 /* PBXTargetDependency */ = {
			isa = PBXTargetDependency;
			target = D704E9061DAC1AC200215424 /* 10.10 Homework - Mailbox v.1 */;
			targetProxy = D704E91C1DAC1AC200215424 /* PBXContainerItemProxy */;
		};
		D704E9281DAC1AC200215424 /* PBXTargetDependency */ = {
			isa = PBXTargetDependency;
			target = D704E9061DAC1AC200215424 /* 10.10 Homework - Mailbox v.1 */;
			targetProxy = D704E9271DAC1AC200215424 /* PBXContainerItemProxy */;
		};
/* End PBXTargetDependency section */

/* Begin PBXVariantGroup section */
		D704E90E1DAC1AC200215424 /* Main.storyboard */ = {
			isa = PBXVariantGroup;
			children = (
				D704E90F1DAC1AC200215424 /* Base */,
			);
			name = Main.storyboard;
			sourceTree = "<group>";
		};
		D704E9131DAC1AC200215424 /* LaunchScreen.storyboard */ = {
			isa = PBXVariantGroup;
			children = (
				D704E9141DAC1AC200215424 /* Base */,
			);
			name = LaunchScreen.storyboard;
			sourceTree = "<group>";
		};
/* End PBXVariantGroup section */

/* Begin XCBuildConfiguration section */
		D704E92D1DAC1AC200215424 /* Debug */ = {
			isa = XCBuildConfiguration;
			buildSettings = {
				ALWAYS_SEARCH_USER_PATHS = NO;
				CLANG_ANALYZER_NONNULL = YES;
				CLANG_CXX_LANGUAGE_STANDARD = "gnu++0x";
				CLANG_CXX_LIBRARY = "libc++";
				CLANG_ENABLE_MODULES = YES;
				CLANG_ENABLE_OBJC_ARC = YES;
				CLANG_WARN_BOOL_CONVERSION = YES;
				CLANG_WARN_CONSTANT_CONVERSION = YES;
				CLANG_WARN_DIRECT_OBJC_ISA_USAGE = YES_ERROR;
				CLANG_WARN_DOCUMENTATION_COMMENTS = YES;
				CLANG_WARN_EMPTY_BODY = YES;
				CLANG_WARN_ENUM_CONVERSION = YES;
				CLANG_WARN_INFINITE_RECURSION = YES;
				CLANG_WARN_INT_CONVERSION = YES;
				CLANG_WARN_OBJC_ROOT_CLASS = YES_ERROR;
				CLANG_WARN_SUSPICIOUS_MOVES = YES;
				CLANG_WARN_UNREACHABLE_CODE = YES;
				CLANG_WARN__DUPLICATE_METHOD_MATCH = YES;
				"CODE_SIGN_IDENTITY[sdk=iphoneos*]" = "iPhone Developer";
				COPY_PHASE_STRIP = NO;
				DEBUG_INFORMATION_FORMAT = dwarf;
				ENABLE_STRICT_OBJC_MSGSEND = YES;
				ENABLE_TESTABILITY = YES;
				GCC_C_LANGUAGE_STANDARD = gnu99;
				GCC_DYNAMIC_NO_PIC = NO;
				GCC_NO_COMMON_BLOCKS = YES;
				GCC_OPTIMIZATION_LEVEL = 0;
				GCC_PREPROCESSOR_DEFINITIONS = (
					"DEBUG=1",
					"$(inherited)",
				);
				GCC_WARN_64_TO_32_BIT_CONVERSION = YES;
				GCC_WARN_ABOUT_RETURN_TYPE = YES_ERROR;
				GCC_WARN_UNDECLARED_SELECTOR = YES;
				GCC_WARN_UNINITIALIZED_AUTOS = YES_AGGRESSIVE;
				GCC_WARN_UNUSED_FUNCTION = YES;
				GCC_WARN_UNUSED_VARIABLE = YES;
				IPHONEOS_DEPLOYMENT_TARGET = 10.0;
				MTL_ENABLE_DEBUG_INFO = YES;
				ONLY_ACTIVE_ARCH = YES;
				SDKROOT = iphoneos;
				SWIFT_ACTIVE_COMPILATION_CONDITIONS = DEBUG;
				SWIFT_OPTIMIZATION_LEVEL = "-Onone";
			};
			name = Debug;
		};
		D704E92E1DAC1AC200215424 /* Release */ = {
			isa = XCBuildConfiguration;
			buildSettings = {
				ALWAYS_SEARCH_USER_PATHS = NO;
				CLANG_ANALYZER_NONNULL = YES;
				CLANG_CXX_LANGUAGE_STANDARD = "gnu++0x";
				CLANG_CXX_LIBRARY = "libc++";
				CLANG_ENABLE_MODULES = YES;
				CLANG_ENABLE_OBJC_ARC = YES;
				CLANG_WARN_BOOL_CONVERSION = YES;
				CLANG_WARN_CONSTANT_CONVERSION = YES;
				CLANG_WARN_DIRECT_OBJC_ISA_USAGE = YES_ERROR;
				CLANG_WARN_DOCUMENTATION_COMMENTS = YES;
				CLANG_WARN_EMPTY_BODY = YES;
				CLANG_WARN_ENUM_CONVERSION = YES;
				CLANG_WARN_INFINITE_RECURSION = YES;
				CLANG_WARN_INT_CONVERSION = YES;
				CLANG_WARN_OBJC_ROOT_CLASS = YES_ERROR;
				CLANG_WARN_SUSPICIOUS_MOVES = YES;
				CLANG_WARN_UNREACHABLE_CODE = YES;
				CLANG_WARN__DUPLICATE_METHOD_MATCH = YES;
				"CODE_SIGN_IDENTITY[sdk=iphoneos*]" = "iPhone Developer";
				COPY_PHASE_STRIP = NO;
				DEBUG_INFORMATION_FORMAT = "dwarf-with-dsym";
				ENABLE_NS_ASSERTIONS = NO;
				ENABLE_STRICT_OBJC_MSGSEND = YES;
				GCC_C_LANGUAGE_STANDARD = gnu99;
				GCC_NO_COMMON_BLOCKS = YES;
				GCC_WARN_64_TO_32_BIT_CONVERSION = YES;
				GCC_WARN_ABOUT_RETURN_TYPE = YES_ERROR;
				GCC_WARN_UNDECLARED_SELECTOR = YES;
				GCC_WARN_UNINITIALIZED_AUTOS = YES_AGGRESSIVE;
				GCC_WARN_UNUSED_FUNCTION = YES;
				GCC_WARN_UNUSED_VARIABLE = YES;
				IPHONEOS_DEPLOYMENT_TARGET = 10.0;
				MTL_ENABLE_DEBUG_INFO = NO;
				SDKROOT = iphoneos;
				SWIFT_OPTIMIZATION_LEVEL = "-Owholemodule";
				VALIDATE_PRODUCT = YES;
			};
			name = Release;
		};
		D704E9301DAC1AC200215424 /* Debug */ = {
			isa = XCBuildConfiguration;
			buildSettings = {
				ASSETCATALOG_COMPILER_APPICON_NAME = AppIcon;
				INFOPLIST_FILE = "10.10 Homework - Mailbox v.1/Info.plist";
				LD_RUNPATH_SEARCH_PATHS = "$(inherited) @executable_path/Frameworks";
				PRODUCT_BUNDLE_IDENTIFIER = "com.codepath.-0-10-Homework---Mailbox-v-1";
				PRODUCT_NAME = "$(TARGET_NAME)";
				SWIFT_VERSION = 3.0;
			};
			name = Debug;
		};
		D704E9311DAC1AC200215424 /* Release */ = {
			isa = XCBuildConfiguration;
			buildSettings = {
				ASSETCATALOG_COMPILER_APPICON_NAME = AppIcon;
				INFOPLIST_FILE = "10.10 Homework - Mailbox v.1/Info.plist";
				LD_RUNPATH_SEARCH_PATHS = "$(inherited) @executable_path/Frameworks";
				PRODUCT_BUNDLE_IDENTIFIER = "com.codepath.-0-10-Homework---Mailbox-v-1";
				PRODUCT_NAME = "$(TARGET_NAME)";
				SWIFT_VERSION = 3.0;
			};
			name = Release;
		};
		D704E9331DAC1AC200215424 /* Debug */ = {
			isa = XCBuildConfiguration;
			buildSettings = {
				ALWAYS_EMBED_SWIFT_STANDARD_LIBRARIES = YES;
				BUNDLE_LOADER = "$(TEST_HOST)";
				INFOPLIST_FILE = "10.10 Homework - Mailbox v.1Tests/Info.plist";
				LD_RUNPATH_SEARCH_PATHS = "$(inherited) @executable_path/Frameworks @loader_path/Frameworks";
				PRODUCT_BUNDLE_IDENTIFIER = "com.codepath.-0-10-Homework---Mailbox-v-1Tests";
				PRODUCT_NAME = "$(TARGET_NAME)";
				SWIFT_VERSION = 3.0;
				TEST_HOST = "$(BUILT_PRODUCTS_DIR)/10.10 Homework - Mailbox v.1.app/10.10 Homework - Mailbox v.1";
			};
			name = Debug;
		};
		D704E9341DAC1AC200215424 /* Release */ = {
			isa = XCBuildConfiguration;
			buildSettings = {
				ALWAYS_EMBED_SWIFT_STANDARD_LIBRARIES = YES;
				BUNDLE_LOADER = "$(TEST_HOST)";
				INFOPLIST_FILE = "10.10 Homework - Mailbox v.1Tests/Info.plist";
				LD_RUNPATH_SEARCH_PATHS = "$(inherited) @executable_path/Frameworks @loader_path/Frameworks";
				PRODUCT_BUNDLE_IDENTIFIER = "com.codepath.-0-10-Homework---Mailbox-v-1Tests";
				PRODUCT_NAME = "$(TARGET_NAME)";
				SWIFT_VERSION = 3.0;
				TEST_HOST = "$(BUILT_PRODUCTS_DIR)/10.10 Homework - Mailbox v.1.app/10.10 Homework - Mailbox v.1";
			};
			name = Release;
		};
		D704E9361DAC1AC200215424 /* Debug */ = {
			isa = XCBuildConfiguration;
			buildSettings = {
				ALWAYS_EMBED_SWIFT_STANDARD_LIBRARIES = YES;
				INFOPLIST_FILE = "10.10 Homework - Mailbox v.1UITests/Info.plist";
				LD_RUNPATH_SEARCH_PATHS = "$(inherited) @executable_path/Frameworks @loader_path/Frameworks";
				PRODUCT_BUNDLE_IDENTIFIER = "com.codepath.-0-10-Homework---Mailbox-v-1UITests";
				PRODUCT_NAME = "$(TARGET_NAME)";
				SWIFT_VERSION = 3.0;
				TEST_TARGET_NAME = "10.10 Homework - Mailbox v.1";
			};
			name = Debug;
		};
		D704E9371DAC1AC200215424 /* Release */ = {
			isa = XCBuildConfiguration;
			buildSettings = {
				ALWAYS_EMBED_SWIFT_STANDARD_LIBRARIES = YES;
				INFOPLIST_FILE = "10.10 Homework - Mailbox v.1UITests/Info.plist";
				LD_RUNPATH_SEARCH_PATHS = "$(inherited) @executable_path/Frameworks @loader_path/Frameworks";
				PRODUCT_BUNDLE_IDENTIFIER = "com.codepath.-0-10-Homework---Mailbox-v-1UITests";
				PRODUCT_NAME = "$(TARGET_NAME)";
				SWIFT_VERSION = 3.0;
				TEST_TARGET_NAME = "10.10 Homework - Mailbox v.1";
			};
			name = Release;
		};
/* End XCBuildConfiguration section */

/* Begin XCConfigurationList section */
		D704E9021DAC1AC100215424 /* Build configuration list for PBXProject "10.10 Homework - Mailbox v.1" */ = {
			isa = XCConfigurationList;
			buildConfigurations = (
				D704E92D1DAC1AC200215424 /* Debug */,
				D704E92E1DAC1AC200215424 /* Release */,
			);
			defaultConfigurationIsVisible = 0;
			defaultConfigurationName = Release;
		};
		D704E92F1DAC1AC200215424 /* Build configuration list for PBXNativeTarget "10.10 Homework - Mailbox v.1" */ = {
			isa = XCConfigurationList;
			buildConfigurations = (
				D704E9301DAC1AC200215424 /* Debug */,
				D704E9311DAC1AC200215424 /* Release */,
			);
			defaultConfigurationIsVisible = 0;
		};
		D704E9321DAC1AC200215424 /* Build configuration list for PBXNativeTarget "10.10 Homework - Mailbox v.1Tests" */ = {
			isa = XCConfigurationList;
			buildConfigurations = (
				D704E9331DAC1AC200215424 /* Debug */,
				D704E9341DAC1AC200215424 /* Release */,
			);
			defaultConfigurationIsVisible = 0;
		};
		D704E9351DAC1AC200215424 /* Build configuration list for PBXNativeTarget "10.10 Homework - Mailbox v.1UITests" */ = {
			isa = XCConfigurationList;
			buildConfigurations = (
				D704E9361DAC1AC200215424 /* Debug */,
				D704E9371DAC1AC200215424 /* Release */,
			);
			defaultConfigurationIsVisible = 0;
		};
/* End XCConfigurationList section */
	};
	rootObject = D704E8FF1DAC1AC100215424 /* Project object */;
}
